# THIS IS AN AUTOGENERATED FILE. DO NOT EDIT THIS FILE DIRECTLY.
# yarn lockfile v1


atob-lite@^1.0.0:
  version "1.0.0"
  resolved "https://registry.npmjs.org/atob-lite/-/atob-lite-1.0.0.tgz"
  integrity sha512-ArXcmHR/vwSN37HLVap/Y5SKpz12CuEybxe1sIYl7th/S6SQPrVMNFt6rblJzCOAxn0SHbXpknUtqbAIeo3Aow==

audio-buffer-list@^2.0.6:
  version "2.0.7"
  resolved "https://registry.npmjs.org/audio-buffer-list/-/audio-buffer-list-2.0.7.tgz"
  integrity sha512-bj4YkkuyY896C64wqEp78QwolqfEwjTtxEKjWHoZAOy1T5DmpMgU7PEndvA0KmcgEWiRoUqdnwyL2wc59vuW2A==
  dependencies:
    audio-buffer "^3.0.0"
    audio-buffer-utils "^4.1.1"
    inherits "^2.0.3"
    is-audio-buffer "^1.0.5"
    is-plain-obj "^1.1.0"
    negative-index "^1.0.2"
    object-assign "^4.1.1"

audio-buffer-utils@^4.1.1, audio-buffer-utils@^4.3.0:
  version "4.3.2"
  resolved "https://registry.npmjs.org/audio-buffer-utils/-/audio-buffer-utils-4.3.2.tgz"
  integrity sha512-4SV84QDCwatJTmsXZjMy9RyBv/vEoLp0BOkeGUX8/D7RS+daA3yCT18pp4J+MV9YUwADUoNXwzhhMnhUYQ8n3A==
  dependencies:
    audio-buffer "^3.1.1"
    audio-context "^1.0.0"
    clamp "^1.0.1"
    is-audio-buffer "^1.0.0"
    is-browser "^2.0.1"
    negative-index "^1.0.2"
    typedarray-methods "^1.0.0"

audio-buffer@^3.0.0, audio-buffer@^3.1.1:
  version "3.2.1"
  resolved "https://registry.npmjs.org/audio-buffer/-/audio-buffer-3.2.1.tgz"
  integrity sha512-yQNZUatQ5dF7h4BezYLy6T9w4LHahMVXrncFZJjI+N44S3O0lEgZcicsSSdvgNk0gLii58Q4gTvSZyohYqRbfw==
  dependencies:
    audio-context "^1.0.0"
    buffer-to-arraybuffer latest
    is-audio-buffer "^1.0.1"
    is-browser "^2.0.1"
    is-buffer "^1.1.0"
    is-plain-obj "^1.1.0"

audio-context@^1.0.0:
  version "1.0.3"
  resolved "https://registry.npmjs.org/audio-context/-/audio-context-1.0.3.tgz"
  integrity sha512-RH3/rM74f2ITlohhjgC7oYZVS97wtv/SEjXLCzEinnrIPIDxc39m2aFc6wmdkM0NYRKo1DMleYPMAIbnTRW0eA==

audio-sink@^1.0.2:
  version "1.1.6"
  resolved "https://registry.npmjs.org/audio-sink/-/audio-sink-1.1.6.tgz"
  integrity sha512-RoaAZV7WTgAk036LXdWZ5sjqvBZ9yx6cgPbpSUVZxWLO0bKUu+WTG2f/sFuI34FvwlwI8pBP5boHgdezVYV6vg==
  dependencies:
    inherits "^2.0.1"
    xtend "^4.0.1"

audio-speaker@^1.5.1:
  version "1.5.1"
  resolved "https://registry.npmjs.org/audio-speaker/-/audio-speaker-1.5.1.tgz"
  integrity sha512-FoTKQGSz9xZPOTAylfMWVKoyKZD3tcjm94AVsngkDrt7ohTVlPCX+lb0KcDD57rI0dPJprFO5GSxEbJUE3Jj+Q==
  dependencies:
    audio-through "^2.2.3"
    inherits "^2.0.1"
    is-audio-buffer "^1.0.1"
    pcm-util "^2.1.0"
    pull-stream "^3.4.5"
    web-audio-stream "^3.0.1"
  optionalDependencies:
    audio-sink "^1.0.2"
    speaker "^0.5.3"

audio-through@^2.2.3:
  version "2.2.3"
  resolved "https://registry.npmjs.org/audio-through/-/audio-through-2.2.3.tgz"
  integrity sha512-geifBAjr4srD/jl7ZizmKLlSs20tg7dHJnFkCr8NFrVC2QiKQLqVqylH3g4zSWDqu3RyrVsALpAQ66LnyZlBfg==
  dependencies:
    audio-buffer "^3.1.1"
    audio-context "^1.0.0"
    inherits "^2.0.1"
    is-audio-buffer "^1.0.1"
    is-promise "^2.1.0"
    object-assign "^4.1.1"
    pcm-util "^2.0.1"
    performance-now "^2.1.0"

bindings@^1.3.0:
  version "1.5.0"
  resolved "https://registry.npmjs.org/bindings/-/bindings-1.5.0.tgz"
  integrity sha512-p2q/t/mhvuOj/UeLlV6566GD/guowlr0hHxClI0W9m7MWYkL1F0hLo+0Aexs9HSPCtR1SXQ0TD3MMKrXZajbiQ==
  dependencies:
    file-uri-to-path "1.0.0"

buffer-alloc-unsafe@^1.1.0:
  version "1.1.0"
  resolved "https://registry.npmjs.org/buffer-alloc-unsafe/-/buffer-alloc-unsafe-1.1.0.tgz"
  integrity sha512-TEM2iMIEQdJ2yjPJoSIsldnleVaAk1oW3DBVUykyOLsEsFmEc9kn+SFFPz+gl54KQNxlDnAwCXosOS9Okx2xAg==

buffer-alloc@^1.1.0:
  version "1.2.0"
  resolved "https://registry.npmjs.org/buffer-alloc/-/buffer-alloc-1.2.0.tgz"
  integrity sha512-CFsHQgjtW1UChdXgbyJGtnm+O/uLQeZdtbDo8mfUgYXCHSM1wgrVxXm6bSyrUuErEb+4sYVGCzASBRot7zyrow==
  dependencies:
    buffer-alloc-unsafe "^1.1.0"
    buffer-fill "^1.0.0"

buffer-fill@^1.0.0:
  version "1.0.0"
  resolved "https://registry.npmjs.org/buffer-fill/-/buffer-fill-1.0.0.tgz"
  integrity sha512-T7zexNBwiiaCOGDg9xNX9PBmjrubblRkENuptryuI64URkXDFum9il/JGL8Lm8wYfAXpredVXXZz7eMHilimiQ==

buffer-to-arraybuffer@latest:
  version "0.0.6"
  resolved "https://registry.npmjs.org/buffer-to-arraybuffer/-/buffer-to-arraybuffer-0.0.6.tgz"
  integrity sha512-i/ndmmCF5QC1D75QCO1EPwYRPIVRVs2yLwkl2bc8R5P1ORHGZZAbTwmYM/vpXt7KzCe+Y57E8YPGTJywgWBNRw==

clamp@^1.0.1:
  version "1.0.1"
  resolved "https://registry.npmjs.org/clamp/-/clamp-1.0.1.tgz"
  integrity sha512-kgMuFyE78OC6Dyu3Dy7vcx4uy97EIbVxJB/B0eJ3bUNAkwdNcxYzgKltnyADiYwsR7SEqkkUPsEUT//OVS6XMA==

data-uri-regex@^0.1.2:
  version "0.1.4"
  resolved "https://registry.npmjs.org/data-uri-regex/-/data-uri-regex-0.1.4.tgz"
  integrity sha512-QnJ3LVGIitKfO1wZ08l+0cpQUNdEGRDKR0kH2prNvbfBUk0zVn7A6KSTvETGqD2BI1h1CgdqY4X8bEjKu4CdXA==

debug@^4.0.0:
  version "4.3.4"
  resolved "https://registry.npmjs.org/debug/-/debug-4.3.4.tgz"
  integrity sha512-PRWFHuSU3eDtQJPvnNY7Jcket1j0t5OuOsFzPPzsekD52Zl8qUfFIPEiswXqIvHWGVHOgX+7G/vCNNhehwxfkQ==
  dependencies:
    ms "2.1.2"

file-uri-to-path@1.0.0:
  version "1.0.0"
  resolved "https://registry.npmjs.org/file-uri-to-path/-/file-uri-to-path-1.0.0.tgz"
  integrity sha512-0Zt+s3L7Vf1biwWZ29aARiVYLx7iMGnEUl9x33fbB/j3jR81u/O2LbqK+Bm1CDSNDKVtJ/YjwY7TUd5SkeLQLw==

inherits@^2.0.1, inherits@^2.0.3:
  version "2.0.4"
  resolved "https://registry.npmjs.org/inherits/-/inherits-2.0.4.tgz"
  integrity sha512-k/vGaX4/Yla3WzyMCvTQOXYeIHvqOKtnqBduzTHpzpQZzAskKMhZ2K+EnBiSM9zGSoIFeMpXKxa4dYeZIQqewQ==

is-audio-buffer@^1.0.0, is-audio-buffer@^1.0.1, is-audio-buffer@^1.0.5:
  version "1.1.0"
  resolved "https://registry.npmjs.org/is-audio-buffer/-/is-audio-buffer-1.1.0.tgz"
  integrity sha512-fmPC/dizJmP4ITCsW5oTQGMJ9wZVE+A/zAe6FQo3XwgERxmXHmm3ON5XkWDAxmyxvsrDmWx3NArpSgamp/59AA==

is-browser@^2.0.1:
  version "2.1.0"
  resolved "https://registry.npmjs.org/is-browser/-/is-browser-2.1.0.tgz"
  integrity sha512-F5rTJxDQ2sW81fcfOR1GnCXT6sVJC104fCyfj+mjpwNEwaPYSn5fte5jiHmBg3DHsIoL/l8Kvw5VN5SsTRcRFQ==

is-buffer@^1.1.0:
  version "1.1.6"
  resolved "https://registry.npmjs.org/is-buffer/-/is-buffer-1.1.6.tgz"
  integrity sha512-NcdALwpXkTm5Zvvbk7owOUSvVvBKDgKP5/ewfXEznmQFfs4ZRmanOeKBTjRVjka3QFoN6XJ+9F3USqfHqTaU5w==

is-data-uri@^0.1.0:
  version "0.1.0"
  resolved "https://registry.npmjs.org/is-data-uri/-/is-data-uri-0.1.0.tgz"
  integrity sha512-f8UoAIxZ+9xkHv19viLuXOD5PcbasuwT0Syq1socQZkHmNFV0DVIshld0TEjLPHG8t+kTmNHimht5NY3j5Pk5A==
  dependencies:
    data-uri-regex "^0.1.2"

is-plain-obj@^1.1.0:
  version "1.1.0"
  resolved "https://registry.npmjs.org/is-plain-obj/-/is-plain-obj-1.1.0.tgz"
  integrity sha512-yvkRyxmFKEOQ4pNXCmJG5AEQNlXJS5LaONXo5/cLdTZdWvsZ1ioJEonLGAosKlMWE8lwUy/bJzMjcw8az73+Fg==

is-promise@^2.1.0:
  version "2.2.2"
  resolved "https://registry.npmjs.org/is-promise/-/is-promise-2.2.2.tgz"
  integrity sha512-+lP4/6lKUBfQjZ2pdxThZvLUAafmZb8OAxFb8XXtiQmS35INgr85hdOGoEs124ez1FCnZJt6jau/T+alh58QFQ==

ms@2.1.2:
  version "2.1.2"
  resolved "https://registry.npmjs.org/ms/-/ms-2.1.2.tgz"
  integrity sha512-sGkPx+VjMtmA6MX27oA4FBFELFCZZ4S4XqeGOXCv68tT+jb3vk/RyaKWP0PTKyWtmLSM0b+adUTEvbs1PEaH2w==

negative-index@^1.0.2:
  version "1.0.3"
  resolved "https://registry.npmjs.org/negative-index/-/negative-index-1.0.3.tgz"
  integrity sha512-SzyzUmUYmerjD9gOEqizFRcDakY+Cf/59rOfqMi4bT212PN6g+jkUOjr/Sx9oOUOxi7qf6dsRwE0PPeRIq4DRw==
  dependencies:
    negative-zero "^2.0.0"

negative-zero@^2.0.0:
  version "2.0.0"
  resolved "https://registry.npmjs.org/negative-zero/-/negative-zero-2.0.0.tgz"
  integrity sha512-OZYg1wcBGrFelnZ970V7SN5icAdXJ+KBn0x/AxN1DZEH82qIeFuqyPVS+9FaPtLAoD3GrDl+byffOVcOh+UvKg==

object-assign@^4.1.1:
  version "4.1.1"
  resolved "https://registry.npmjs.org/object-assign/-/object-assign-4.1.1.tgz"
  integrity sha512-rJgTQnkUnH1sFw8yT6VSU3zD3sWmu6sZhIseY8VX+GRu3P6F7Fu+JNDoXfklElbLJSnc3FUQHVe4cU5hj+BcUg==

pcm-util@^2.0.1, pcm-util@^2.1.0:
  version "2.1.0"
  resolved "https://registry.npmjs.org/pcm-util/-/pcm-util-2.1.0.tgz"
  integrity sha512-gC6DtsnHJgOQ3Xp4ybdLclANWRi0YnL2ojn6HXznoqcL0kM3ZNcyGFIuRH/CKEy65VTGc2ZAL90m/IoqT5mGGQ==
  dependencies:
    audio-buffer "^3.0.0"
    is-audio-buffer "^1.0.1"
    is-buffer "^1.1.0"
    to-array-buffer "^1.0.0"

performance-now@^2.1.0:
  version "2.1.0"
  resolved "https://registry.npmjs.org/performance-now/-/performance-now-2.1.0.tgz"
  integrity sha512-7EAHlyLHI56VEIdK57uwHdHKIaAGbnXPiw0yWbarQZOKaKpvUIgW0jWRVLiatnM+XXlSwsanIBH/hzGMJulMow==

pull-stream@^3.4.4, pull-stream@^3.4.5:
  version "3.7.0"
  resolved "https://registry.npmjs.org/pull-stream/-/pull-stream-3.7.0.tgz"
  integrity sha512-Eco+/R004UaCK2qEDE8vGklcTG2OeZSVm1kTUQNrykEjDwcFXDZhygFDsW49DbXyJMEhHeRL3z5cRVqPAhXlIw==

speaker@^0.5.3:
  version "0.5.4"
  resolved "https://registry.npmjs.org/speaker/-/speaker-0.5.4.tgz"
  integrity sha512-0I35CJGgqU1rd/a3qVysR5gLlG+8QlzJcPAEnYvT0BLfuLdJ7JNdlQHwbh7ETNcXDXbzm2O148GEAoAER54Dvw==
  dependencies:
    bindings "^1.3.0"
    buffer-alloc "^1.1.0"
    debug "^4.0.0"

to-array-buffer@^1.0.0:
  version "1.2.4"
  resolved "https://registry.npmjs.org/to-array-buffer/-/to-array-buffer-1.2.4.tgz"
  integrity sha512-G/ZsRfvADjo6whwVpnhY0ZVgRs7Vs8f6NJcxYHZA2TpBAX5Fxavy4SyQ3RLqujkHVWDZ6a7jmzGjGkspdvu6Wg==
  dependencies:
    atob-lite "^1.0.0"
    is-audio-buffer "^1.0.1"
    is-data-uri "^0.1.0"

typedarray-methods@^1.0.0:
  version "1.0.1"
  resolved "https://registry.npmjs.org/typedarray-methods/-/typedarray-methods-1.0.1.tgz"
  integrity sha512-fstWAa225OZ856/4npMqgJP6U1U3vTWnqkn9wokZXzME9pORW9dV8u/v1VRGpo584udKMvCIYlNXzKoIb+UUGg==

web-audio-stream@^3.0.1:
  version "3.0.1"
  resolved "https://registry.npmjs.org/web-audio-stream/-/web-audio-stream-3.0.1.tgz"
  integrity sha512-doFZu9H4hMtU5mxakGCsoKVyTUaUPYl3L9xoW9Za6hv2r+tHYWa1ZcAOpSUO/7OkFEkLKdt5cHS4db9R9VYRTw==
  dependencies:
    audio-buffer-list "^2.0.6"
    audio-buffer-utils "^4.3.0"
    audio-context "^1.0.0"
    inherits "^2.0.1"
    is-audio-buffer "^1.0.1"
    is-plain-obj "^1.1.0"
    object-assign "^4.1.1"
    pcm-util "^2.1.0"
    pull-stream "^3.4.4"

xtend@^4.0.1:
  version "4.0.2"
  resolved "https://registry.npmjs.org/xtend/-/xtend-4.0.2.tgz"
  integrity sha512-LKYU1iAXJXUgAXn9URjiu+MWhyUXHsvfp7mcuYm9dSUKK0/CjtrUwFAxD82/mCWbtLsGjFIad0wIsod4zrTAEQ==
